
Microsoft Visual Studio Solution File, Format Version 12.00
Project("{2150E333-8FDC-42A3-9474-1A3956D46DE8}") = "src", "src", "{886BE9A2-75E8-4683-B52D-2F63BED1D7C1}"
EndProject
Project("{FAE04EC0-301F-11D3-BF4B-00C04F79EFBC}") = "Peyk.Federation.Web", "src\Peyk.Federation.Web\Peyk.Federation.Web.csproj", "{75CCB595-E7F0-49CE-BB09-F84B26B15BEE}"
EndProject
Global
	GlobalSection(SolutionConfigurationPlatforms) = preSolution
		Debug|Any CPU = Debug|Any CPU
		Release|Any CPU = Release|Any CPU
	EndGlobalSection
	GlobalSection(NestedProjects) = preSolution
		{75CCB595-E7F0-49CE-BB09-F84B26B15BEE} = {886BE9A2-75E8-4683-B52D-2F63BED1D7C1}
	EndGlobalSection
	GlobalSection(ProjectConfigurationPlatforms) = postSolution
		{75CCB595-E7F0-49CE-BB09-F84B26B15BEE}.Debug|Any CPU.ActiveCfg = Debug|Any CPU
		{75CCB595-E7F0-49CE-BB09-F84B26B15BEE}.Debug|Any CPU.Build.0 = Debug|Any CPU
		{75CCB595-E7F0-49CE-BB09-F84B26B15BEE}.Release|Any CPU.ActiveCfg = Release|Any CPU
		{75CCB595-E7F0-49CE-BB09-F84B26B15BEE}.Release|Any CPU.Build.0 = Release|Any CPU
	EndGlobalSection
EndGlobal
