
Microsoft Visual Studio Solution File, Format Version 12.00
Project("{2150E333-8FDC-42A3-9474-1A3956D46DE8}") = "src", "src", "{886BE9A2-75E8-4683-B52D-2F63BED1D7C1}"
EndProject
Project("{FAE04EC0-301F-11D3-BF4B-00C04F79EFBC}") = "Peyk.ClientServer.Web", "src\Peyk.ClientServer.Web\Peyk.ClientServer.Web.csproj", "{75CCB595-E7F0-49CE-BB09-F84B26B15BEE}"
EndProject
Project("{FAE04EC0-301F-11D3-BF4B-00C04F79EFBC}") = "Peyk.Data.Entities", "src\Peyk.Data.Entities\Peyk.Data.Entities.csproj", "{FBE0988D-1BCD-4595-8599-B3F5028AF6C4}"
EndProject
Project("{FAE04EC0-301F-11D3-BF4B-00C04F79EFBC}") = "Peyk.Data.Mongo", "src\Peyk.Data.Mongo\Peyk.Data.Mongo.csproj", "{D46CA7EB-1051-4724-8508-68260C46ACC0}"
EndProject
Project("{FAE04EC0-301F-11D3-BF4B-00C04F79EFBC}") = "Peyk.ClientServer.Queries", "src\Peyk.ClientServer.Queries\Peyk.ClientServer.Queries.csproj", "{048803C8-8446-4331-9744-2E4D0C4303F3}"
EndProject
Project("{FAE04EC0-301F-11D3-BF4B-00C04F79EFBC}") = "Peyk.Matrix.Models", "src\Peyk.Matrix.Models\Peyk.Matrix.Models.csproj", "{5D42231F-5C33-4891-AAC5-4DE5D434D7F2}"
EndProject
Project("{2150E333-8FDC-42A3-9474-1A3956D46DE8}") = "test", "test", "{20EC7A2B-F4C6-4A7F-A077-AEDCAD13ACC0}"
EndProject
Project("{FAE04EC0-301F-11D3-BF4B-00C04F79EFBC}") = "Framework", "test\Framework\Framework.csproj", "{F3F8E97E-46E2-4262-9913-EAF9F22B0F04}"
EndProject
Project("{FAE04EC0-301F-11D3-BF4B-00C04F79EFBC}") = "MongoTests", "test\MongoTests\MongoTests.csproj", "{9055468F-3292-4A34-B77E-9658CD193622}"
EndProject
Project("{FAE04EC0-301F-11D3-BF4B-00C04F79EFBC}") = "Peyk.Data.Abstractions", "src\Peyk.Data.Abstractions\Peyk.Data.Abstractions.csproj", "{1AF81C2C-3A3C-46E3-9FBA-C2DECABFD3D7}"
EndProject
Project("{FAE04EC0-301F-11D3-BF4B-00C04F79EFBC}") = "Peyk.Data.Entities.Converters", "src\Peyk.Data.Entities.Converters\Peyk.Data.Entities.Converters.csproj", "{D4AB52E9-7196-41EE-9929-0A2D18743668}"
EndProject
Project("{FAE04EC0-301F-11D3-BF4B-00C04F79EFBC}") = "WebAppTests", "test\WebAppTests\WebAppTests.csproj", "{EE02B2E5-18AE-4132-AA13-19917FF735A0}"
EndProject
Project("{FAE04EC0-301F-11D3-BF4B-00C04F79EFBC}") = "Peyk.ClientServer.Commands", "src\Peyk.ClientServer.Commands\Peyk.ClientServer.Commands.csproj", "{6193498C-C0B0-4450-8555-10D6ED53FD5C}"
EndProject
Project("{FAE04EC0-301F-11D3-BF4B-00C04F79EFBC}") = "Peyk.Data.Events", "src\Peyk.Data.Events\Peyk.Data.Events.csproj", "{F7758F70-9B35-4619-B12F-D3CB0E67F283}"
EndProject
Project("{FAE04EC0-301F-11D3-BF4B-00C04F79EFBC}") = "Peyk.Data.EventStore", "src\Peyk.Data.EventStore\Peyk.Data.EventStore.csproj", "{CCB21D65-BBA9-4D5D-9D35-B3B1155F96CC}"
EndProject
Global
	GlobalSection(SolutionConfigurationPlatforms) = preSolution
		Debug|Any CPU = Debug|Any CPU
		Release|Any CPU = Release|Any CPU
	EndGlobalSection
	GlobalSection(NestedProjects) = preSolution
		{75CCB595-E7F0-49CE-BB09-F84B26B15BEE} = {886BE9A2-75E8-4683-B52D-2F63BED1D7C1}
		{FBE0988D-1BCD-4595-8599-B3F5028AF6C4} = {886BE9A2-75E8-4683-B52D-2F63BED1D7C1}
		{D46CA7EB-1051-4724-8508-68260C46ACC0} = {886BE9A2-75E8-4683-B52D-2F63BED1D7C1}
		{048803C8-8446-4331-9744-2E4D0C4303F3} = {886BE9A2-75E8-4683-B52D-2F63BED1D7C1}
		{5D42231F-5C33-4891-AAC5-4DE5D434D7F2} = {886BE9A2-75E8-4683-B52D-2F63BED1D7C1}
		{F3F8E97E-46E2-4262-9913-EAF9F22B0F04} = {20EC7A2B-F4C6-4A7F-A077-AEDCAD13ACC0}
		{9055468F-3292-4A34-B77E-9658CD193622} = {20EC7A2B-F4C6-4A7F-A077-AEDCAD13ACC0}
		{1AF81C2C-3A3C-46E3-9FBA-C2DECABFD3D7} = {886BE9A2-75E8-4683-B52D-2F63BED1D7C1}
		{D4AB52E9-7196-41EE-9929-0A2D18743668} = {886BE9A2-75E8-4683-B52D-2F63BED1D7C1}
		{EE02B2E5-18AE-4132-AA13-19917FF735A0} = {20EC7A2B-F4C6-4A7F-A077-AEDCAD13ACC0}
		{6193498C-C0B0-4450-8555-10D6ED53FD5C} = {886BE9A2-75E8-4683-B52D-2F63BED1D7C1}
		{F7758F70-9B35-4619-B12F-D3CB0E67F283} = {886BE9A2-75E8-4683-B52D-2F63BED1D7C1}
		{CCB21D65-BBA9-4D5D-9D35-B3B1155F96CC} = {886BE9A2-75E8-4683-B52D-2F63BED1D7C1}
	EndGlobalSection
	GlobalSection(ProjectConfigurationPlatforms) = postSolution
		{75CCB595-E7F0-49CE-BB09-F84B26B15BEE}.Debug|Any CPU.ActiveCfg = Debug|Any CPU
		{75CCB595-E7F0-49CE-BB09-F84B26B15BEE}.Debug|Any CPU.Build.0 = Debug|Any CPU
		{75CCB595-E7F0-49CE-BB09-F84B26B15BEE}.Release|Any CPU.ActiveCfg = Release|Any CPU
		{75CCB595-E7F0-49CE-BB09-F84B26B15BEE}.Release|Any CPU.Build.0 = Release|Any CPU
		{FBE0988D-1BCD-4595-8599-B3F5028AF6C4}.Debug|Any CPU.ActiveCfg = Debug|Any CPU
		{FBE0988D-1BCD-4595-8599-B3F5028AF6C4}.Debug|Any CPU.Build.0 = Debug|Any CPU
		{FBE0988D-1BCD-4595-8599-B3F5028AF6C4}.Release|Any CPU.ActiveCfg = Release|Any CPU
		{FBE0988D-1BCD-4595-8599-B3F5028AF6C4}.Release|Any CPU.Build.0 = Release|Any CPU
		{D46CA7EB-1051-4724-8508-68260C46ACC0}.Debug|Any CPU.ActiveCfg = Debug|Any CPU
		{D46CA7EB-1051-4724-8508-68260C46ACC0}.Debug|Any CPU.Build.0 = Debug|Any CPU
		{D46CA7EB-1051-4724-8508-68260C46ACC0}.Release|Any CPU.ActiveCfg = Release|Any CPU
		{D46CA7EB-1051-4724-8508-68260C46ACC0}.Release|Any CPU.Build.0 = Release|Any CPU
		{048803C8-8446-4331-9744-2E4D0C4303F3}.Debug|Any CPU.ActiveCfg = Debug|Any CPU
		{048803C8-8446-4331-9744-2E4D0C4303F3}.Debug|Any CPU.Build.0 = Debug|Any CPU
		{048803C8-8446-4331-9744-2E4D0C4303F3}.Release|Any CPU.ActiveCfg = Release|Any CPU
		{048803C8-8446-4331-9744-2E4D0C4303F3}.Release|Any CPU.Build.0 = Release|Any CPU
		{5D42231F-5C33-4891-AAC5-4DE5D434D7F2}.Debug|Any CPU.ActiveCfg = Debug|Any CPU
		{5D42231F-5C33-4891-AAC5-4DE5D434D7F2}.Debug|Any CPU.Build.0 = Debug|Any CPU
		{5D42231F-5C33-4891-AAC5-4DE5D434D7F2}.Release|Any CPU.ActiveCfg = Release|Any CPU
		{5D42231F-5C33-4891-AAC5-4DE5D434D7F2}.Release|Any CPU.Build.0 = Release|Any CPU
		{F3F8E97E-46E2-4262-9913-EAF9F22B0F04}.Debug|Any CPU.ActiveCfg = Debug|Any CPU
		{F3F8E97E-46E2-4262-9913-EAF9F22B0F04}.Debug|Any CPU.Build.0 = Debug|Any CPU
		{F3F8E97E-46E2-4262-9913-EAF9F22B0F04}.Release|Any CPU.ActiveCfg = Release|Any CPU
		{F3F8E97E-46E2-4262-9913-EAF9F22B0F04}.Release|Any CPU.Build.0 = Release|Any CPU
		{9055468F-3292-4A34-B77E-9658CD193622}.Debug|Any CPU.ActiveCfg = Debug|Any CPU
		{9055468F-3292-4A34-B77E-9658CD193622}.Debug|Any CPU.Build.0 = Debug|Any CPU
		{9055468F-3292-4A34-B77E-9658CD193622}.Release|Any CPU.ActiveCfg = Release|Any CPU
		{9055468F-3292-4A34-B77E-9658CD193622}.Release|Any CPU.Build.0 = Release|Any CPU
		{1AF81C2C-3A3C-46E3-9FBA-C2DECABFD3D7}.Debug|Any CPU.ActiveCfg = Debug|Any CPU
		{1AF81C2C-3A3C-46E3-9FBA-C2DECABFD3D7}.Debug|Any CPU.Build.0 = Debug|Any CPU
		{1AF81C2C-3A3C-46E3-9FBA-C2DECABFD3D7}.Release|Any CPU.ActiveCfg = Release|Any CPU
		{1AF81C2C-3A3C-46E3-9FBA-C2DECABFD3D7}.Release|Any CPU.Build.0 = Release|Any CPU
		{D4AB52E9-7196-41EE-9929-0A2D18743668}.Debug|Any CPU.ActiveCfg = Debug|Any CPU
		{D4AB52E9-7196-41EE-9929-0A2D18743668}.Debug|Any CPU.Build.0 = Debug|Any CPU
		{D4AB52E9-7196-41EE-9929-0A2D18743668}.Release|Any CPU.ActiveCfg = Release|Any CPU
		{D4AB52E9-7196-41EE-9929-0A2D18743668}.Release|Any CPU.Build.0 = Release|Any CPU
		{EE02B2E5-18AE-4132-AA13-19917FF735A0}.Debug|Any CPU.ActiveCfg = Debug|Any CPU
		{EE02B2E5-18AE-4132-AA13-19917FF735A0}.Debug|Any CPU.Build.0 = Debug|Any CPU
		{EE02B2E5-18AE-4132-AA13-19917FF735A0}.Release|Any CPU.ActiveCfg = Release|Any CPU
		{EE02B2E5-18AE-4132-AA13-19917FF735A0}.Release|Any CPU.Build.0 = Release|Any CPU
		{6193498C-C0B0-4450-8555-10D6ED53FD5C}.Debug|Any CPU.ActiveCfg = Debug|Any CPU
		{6193498C-C0B0-4450-8555-10D6ED53FD5C}.Debug|Any CPU.Build.0 = Debug|Any CPU
		{6193498C-C0B0-4450-8555-10D6ED53FD5C}.Release|Any CPU.ActiveCfg = Release|Any CPU
		{6193498C-C0B0-4450-8555-10D6ED53FD5C}.Release|Any CPU.Build.0 = Release|Any CPU
		{F7758F70-9B35-4619-B12F-D3CB0E67F283}.Debug|Any CPU.ActiveCfg = Debug|Any CPU
		{F7758F70-9B35-4619-B12F-D3CB0E67F283}.Debug|Any CPU.Build.0 = Debug|Any CPU
		{F7758F70-9B35-4619-B12F-D3CB0E67F283}.Release|Any CPU.ActiveCfg = Release|Any CPU
		{F7758F70-9B35-4619-B12F-D3CB0E67F283}.Release|Any CPU.Build.0 = Release|Any CPU
		{CCB21D65-BBA9-4D5D-9D35-B3B1155F96CC}.Debug|Any CPU.ActiveCfg = Debug|Any CPU
		{CCB21D65-BBA9-4D5D-9D35-B3B1155F96CC}.Debug|Any CPU.Build.0 = Debug|Any CPU
		{CCB21D65-BBA9-4D5D-9D35-B3B1155F96CC}.Release|Any CPU.ActiveCfg = Release|Any CPU
		{CCB21D65-BBA9-4D5D-9D35-B3B1155F96CC}.Release|Any CPU.Build.0 = Release|Any CPU
	EndGlobalSection
EndGlobal
